{
  "name": "mmo-pong",
  "version": "1.0.0",
  "lockfileVersion": 1,
  "requires": true,
  "dependencies": {
    "node-router": {
      "version": "0.1.6",
      "resolved": "https://registry.npmjs.org/node-router/-/node-router-0.1.6.tgz",
      "integrity": "sha512-XC+uBaZKGLNUnGtmQeJSu3mijGegzeFx/ejAy0a+cQRa2Ee5KGpIS/hCXDEs8BEdhHQhwnVi63nmXY82oCx4dw=="
    }
  }
}
